
Microsoft Visual Studio Solution File, Format Version 12.00
# Visual Studio Version 17
VisualStudioVersion = 17.3.32811.315
MinimumVisualStudioVersion = 10.0.40219.1
Project("{FAE04EC0-301F-11D3-BF4B-00C04F79EFBC}") = "WindowsFormsApp1", "WindowsFormsApp1\WindowsFormsApp1.csproj", "{21A6D610-3F23-414D-8A02-3EF7A7B76CCC}"
EndProject
Global
	GlobalSection(SolutionConfigurationPlatforms) = preSolution
		Debug|Any CPU = Debug|Any CPU
		Release|Any CPU = Release|Any CPU
	EndGlobalSection
	GlobalSection(ProjectConfigurationPlatforms) = postSolution
		{21A6D610-3F23-414D-8A02-3EF7A7B76CCC}.Debug|Any CPU.ActiveCfg = Debug|Any CPU
		{21A6D610-3F23-414D-8A02-3EF7A7B76CCC}.Debug|Any CPU.Build.0 = Debug|Any CPU
		{21A6D610-3F23-414D-8A02-3EF7A7B76CCC}.Release|Any CPU.ActiveCfg = Release|Any CPU
		{21A6D610-3F23-414D-8A02-3EF7A7B76CCC}.Release|Any CPU.Build.0 = Release|Any CPU
	EndGlobalSection
	GlobalSection(SolutionProperties) = preSolution
		HideSolutionNode = FALSE
	EndGlobalSection
	GlobalSection(ExtensibilityGlobals) = postSolution
		SolutionGuid = {D6E0CCB2-50D1-4F94-9C55-6853BF2CB098}
	EndGlobalSection
EndGlobal
